
Microsoft Visual Studio Solution File, Format Version 12.00
# Visual Studio Version 17
VisualStudioVersion = 17.7.34031.279
MinimumVisualStudioVersion = 10.0.40219.1
Project("{FAE04EC0-301F-11D3-BF4B-00C04F79EFBC}") = "WebScrapingSelenium", "WebScrapingSelenium\WebScrapingSelenium.csproj", "{A45E0870-C662-4B82-9C17-1F2BCFCA38C9}"
EndProject
Global
	GlobalSection(SolutionConfigurationPlatforms) = preSolution
		Debug|Any CPU = Debug|Any CPU
		Release|Any CPU = Release|Any CPU
	EndGlobalSection
	GlobalSection(ProjectConfigurationPlatforms) = postSolution
		{A45E0870-C662-4B82-9C17-1F2BCFCA38C9}.Debug|Any CPU.ActiveCfg = Debug|Any CPU
		{A45E0870-C662-4B82-9C17-1F2BCFCA38C9}.Debug|Any CPU.Build.0 = Debug|Any CPU
		{A45E0870-C662-4B82-9C17-1F2BCFCA38C9}.Release|Any CPU.ActiveCfg = Release|Any CPU
		{A45E0870-C662-4B82-9C17-1F2BCFCA38C9}.Release|Any CPU.Build.0 = Release|Any CPU
	EndGlobalSection
	GlobalSection(SolutionProperties) = preSolution
		HideSolutionNode = FALSE
	EndGlobalSection
	GlobalSection(ExtensibilityGlobals) = postSolution
		SolutionGuid = {245CD374-730A-4EB2-9F5F-1805B282D75E}
	EndGlobalSection
EndGlobal
